
Microsoft Visual Studio Solution File, Format Version 12.00
# 
Project("{2150E333-8FDC-42A3-9474-1A3956D46DE8}") = "src", "src", "{11856BB1-7033-4C3E-AD68-450075F5168B}"
EndProject
Project("{2150E333-8FDC-42A3-9474-1A3956D46DE8}") = "Core", "Core", "{75E0D9C0-7CA8-43FE-AB29-CEA5AF4486D3}"
EndProject
Project("{FAE04EC0-301F-11D3-BF4B-00C04F79EFBC}") = "Maat.Domain", "src\Core\Maat.Domain\Maat.Domain.csproj", "{6C975E22-2F86-4E70-AE4F-D76DEAF6A1E0}"
EndProject
Project("{FAE04EC0-301F-11D3-BF4B-00C04F79EFBC}") = "Maat.Application", "src\Core\Maat.Application\Maat.Application.csproj", "{24AD4981-C006-4574-94C6-2ABA87E66905}"
EndProject
Project("{2150E333-8FDC-42A3-9474-1A3956D46DE8}") = "Infrastructure", "Infrastructure", "{48696155-1334-4111-8304-0AD4B25FB4E3}"
EndProject
Project("{FAE04EC0-301F-11D3-BF4B-00C04F79EFBC}") = "Maat.Infrastructure", "src\Infrastructure\Maat.Infrastructure\Maat.Infrastructure.csproj", "{58C00C2F-D835-41BF-9A83-6F564F03F0AE}"
EndProject
Project("{FAE04EC0-301F-11D3-BF4B-00C04F79EFBC}") = "Maat.Persistence", "src\Infrastructure\Maat.Persistence\Maat.Persistence.csproj", "{EE8A1C86-C5A2-489E-A236-F6A436E1A556}"
EndProject
Project("{2150E333-8FDC-42A3-9474-1A3956D46DE8}") = "Shared", "Shared", "{B2F0C9E5-ACDD-49FF-9E76-0A0DBCF6FDD4}"
EndProject
Project("{FAE04EC0-301F-11D3-BF4B-00C04F79EFBC}") = "Maat.Shared", "src\Shared\Maat.Shared\Maat.Shared.csproj", "{249D9786-66DF-47E0-81D8-F2430450BAB7}"
EndProject
Project("{2150E333-8FDC-42A3-9474-1A3956D46DE8}") = "Client", "Client", "{8700848A-3AB3-4B5B-ACE6-E4B0F8EC83A1}"
EndProject
Project("{FAE04EC0-301F-11D3-BF4B-00C04F79EFBC}") = "Maat.Client", "src\Client\Maat.Client\Maat.Client.csproj", "{C2BAB255-C8E4-47FD-9C1E-3B36C58EBDB9}"
EndProject
Project("{2150E333-8FDC-42A3-9474-1A3956D46DE8}") = "Server", "Server", "{205E4B0D-D172-4D78-BC24-E18064340818}"
EndProject
Project("{FAE04EC0-301F-11D3-BF4B-00C04F79EFBC}") = "Maat.Server", "src\Server\Maat.Server\Maat.Server.csproj", "{B2A34C21-D163-44E4-88B4-8D7F9A68311D}"
EndProject
Global
	GlobalSection(SolutionConfigurationPlatforms) = preSolution
		Debug|Any CPU = Debug|Any CPU
		Release|Any CPU = Release|Any CPU
	EndGlobalSection
	GlobalSection(ProjectConfigurationPlatforms) = postSolution
		{5A523E28-D9CD-4D47-91A5-50361C903C68}.Debug|Any CPU.ActiveCfg = Debug|Any CPU
		{5A523E28-D9CD-4D47-91A5-50361C903C68}.Debug|Any CPU.Build.0 = Debug|Any CPU
		{5A523E28-D9CD-4D47-91A5-50361C903C68}.Release|Any CPU.ActiveCfg = Release|Any CPU
		{5A523E28-D9CD-4D47-91A5-50361C903C68}.Release|Any CPU.Build.0 = Release|Any CPU
		{282BF697-F7DE-4F72-942C-61696929CB2B}.Debug|Any CPU.ActiveCfg = Debug|Any CPU
		{282BF697-F7DE-4F72-942C-61696929CB2B}.Debug|Any CPU.Build.0 = Debug|Any CPU
		{282BF697-F7DE-4F72-942C-61696929CB2B}.Release|Any CPU.ActiveCfg = Release|Any CPU
		{282BF697-F7DE-4F72-942C-61696929CB2B}.Release|Any CPU.Build.0 = Release|Any CPU
		{6C975E22-2F86-4E70-AE4F-D76DEAF6A1E0}.Debug|Any CPU.ActiveCfg = Debug|Any CPU
		{6C975E22-2F86-4E70-AE4F-D76DEAF6A1E0}.Debug|Any CPU.Build.0 = Debug|Any CPU
		{6C975E22-2F86-4E70-AE4F-D76DEAF6A1E0}.Release|Any CPU.ActiveCfg = Release|Any CPU
		{6C975E22-2F86-4E70-AE4F-D76DEAF6A1E0}.Release|Any CPU.Build.0 = Release|Any CPU
		{24AD4981-C006-4574-94C6-2ABA87E66905}.Debug|Any CPU.ActiveCfg = Debug|Any CPU
		{24AD4981-C006-4574-94C6-2ABA87E66905}.Debug|Any CPU.Build.0 = Debug|Any CPU
		{24AD4981-C006-4574-94C6-2ABA87E66905}.Release|Any CPU.ActiveCfg = Release|Any CPU
		{24AD4981-C006-4574-94C6-2ABA87E66905}.Release|Any CPU.Build.0 = Release|Any CPU
		{58C00C2F-D835-41BF-9A83-6F564F03F0AE}.Debug|Any CPU.ActiveCfg = Debug|Any CPU
		{58C00C2F-D835-41BF-9A83-6F564F03F0AE}.Debug|Any CPU.Build.0 = Debug|Any CPU
		{58C00C2F-D835-41BF-9A83-6F564F03F0AE}.Release|Any CPU.ActiveCfg = Release|Any CPU
		{58C00C2F-D835-41BF-9A83-6F564F03F0AE}.Release|Any CPU.Build.0 = Release|Any CPU
		{EE8A1C86-C5A2-489E-A236-F6A436E1A556}.Debug|Any CPU.ActiveCfg = Debug|Any CPU
		{EE8A1C86-C5A2-489E-A236-F6A436E1A556}.Debug|Any CPU.Build.0 = Debug|Any CPU
		{EE8A1C86-C5A2-489E-A236-F6A436E1A556}.Release|Any CPU.ActiveCfg = Release|Any CPU
		{EE8A1C86-C5A2-489E-A236-F6A436E1A556}.Release|Any CPU.Build.0 = Release|Any CPU
		{249D9786-66DF-47E0-81D8-F2430450BAB7}.Debug|Any CPU.ActiveCfg = Debug|Any CPU
		{249D9786-66DF-47E0-81D8-F2430450BAB7}.Debug|Any CPU.Build.0 = Debug|Any CPU
		{249D9786-66DF-47E0-81D8-F2430450BAB7}.Release|Any CPU.ActiveCfg = Release|Any CPU
		{249D9786-66DF-47E0-81D8-F2430450BAB7}.Release|Any CPU.Build.0 = Release|Any CPU
		{C2BAB255-C8E4-47FD-9C1E-3B36C58EBDB9}.Debug|Any CPU.ActiveCfg = Debug|Any CPU
		{C2BAB255-C8E4-47FD-9C1E-3B36C58EBDB9}.Debug|Any CPU.Build.0 = Debug|Any CPU
		{C2BAB255-C8E4-47FD-9C1E-3B36C58EBDB9}.Release|Any CPU.ActiveCfg = Release|Any CPU
		{C2BAB255-C8E4-47FD-9C1E-3B36C58EBDB9}.Release|Any CPU.Build.0 = Release|Any CPU
		{B2A34C21-D163-44E4-88B4-8D7F9A68311D}.Debug|Any CPU.ActiveCfg = Debug|Any CPU
		{B2A34C21-D163-44E4-88B4-8D7F9A68311D}.Debug|Any CPU.Build.0 = Debug|Any CPU
		{B2A34C21-D163-44E4-88B4-8D7F9A68311D}.Release|Any CPU.ActiveCfg = Release|Any CPU
		{B2A34C21-D163-44E4-88B4-8D7F9A68311D}.Release|Any CPU.Build.0 = Release|Any CPU
	EndGlobalSection
	GlobalSection(NestedProjects) = preSolution
		{75E0D9C0-7CA8-43FE-AB29-CEA5AF4486D3} = {11856BB1-7033-4C3E-AD68-450075F5168B}
		{6C975E22-2F86-4E70-AE4F-D76DEAF6A1E0} = {75E0D9C0-7CA8-43FE-AB29-CEA5AF4486D3}
		{24AD4981-C006-4574-94C6-2ABA87E66905} = {75E0D9C0-7CA8-43FE-AB29-CEA5AF4486D3}
		{48696155-1334-4111-8304-0AD4B25FB4E3} = {11856BB1-7033-4C3E-AD68-450075F5168B}
		{58C00C2F-D835-41BF-9A83-6F564F03F0AE} = {48696155-1334-4111-8304-0AD4B25FB4E3}
		{EE8A1C86-C5A2-489E-A236-F6A436E1A556} = {48696155-1334-4111-8304-0AD4B25FB4E3}
		{B2F0C9E5-ACDD-49FF-9E76-0A0DBCF6FDD4} = {11856BB1-7033-4C3E-AD68-450075F5168B}
		{249D9786-66DF-47E0-81D8-F2430450BAB7} = {B2F0C9E5-ACDD-49FF-9E76-0A0DBCF6FDD4}
		{8700848A-3AB3-4B5B-ACE6-E4B0F8EC83A1} = {11856BB1-7033-4C3E-AD68-450075F5168B}
		{C2BAB255-C8E4-47FD-9C1E-3B36C58EBDB9} = {8700848A-3AB3-4B5B-ACE6-E4B0F8EC83A1}
		{205E4B0D-D172-4D78-BC24-E18064340818} = {11856BB1-7033-4C3E-AD68-450075F5168B}
		{B2A34C21-D163-44E4-88B4-8D7F9A68311D} = {205E4B0D-D172-4D78-BC24-E18064340818}
	EndGlobalSection
EndGlobal
